
Microsoft Visual Studio Solution File, Format Version 12.00
# Visual Studio Version 16
VisualStudioVersion = 16.0.31829.152
MinimumVisualStudioVersion = 10.0.40219.1
Project("{9A19103F-16F7-4668-BE54-9A1E7A4F7556}") = "OpenSky.AirportsJSON", "OpenSky.FlightLogXML\OpenSky.AirportsJSON.csproj", "{56BE4F10-3E7D-43F4-B2FE-79FE300BB45B}"
EndProject
Project("{9A19103F-16F7-4668-BE54-9A1E7A4F7556}") = "OpenSky.AirportsJSON.Tests", "OpenSky.FlightLogXML.Tests\OpenSky.AirportsJSON.Tests.csproj", "{3153278A-6ECE-49D4-8859-E6CC1028470A}"
EndProject
Global
	GlobalSection(SolutionConfigurationPlatforms) = preSolution
		Debug|Any CPU = Debug|Any CPU
		Release|Any CPU = Release|Any CPU
	EndGlobalSection
	GlobalSection(ProjectConfigurationPlatforms) = postSolution
		{56BE4F10-3E7D-43F4-B2FE-79FE300BB45B}.Debug|Any CPU.ActiveCfg = Debug|Any CPU
		{56BE4F10-3E7D-43F4-B2FE-79FE300BB45B}.Debug|Any CPU.Build.0 = Debug|Any CPU
		{56BE4F10-3E7D-43F4-B2FE-79FE300BB45B}.Release|Any CPU.ActiveCfg = Release|Any CPU
		{56BE4F10-3E7D-43F4-B2FE-79FE300BB45B}.Release|Any CPU.Build.0 = Release|Any CPU
		{3153278A-6ECE-49D4-8859-E6CC1028470A}.Debug|Any CPU.ActiveCfg = Debug|Any CPU
		{3153278A-6ECE-49D4-8859-E6CC1028470A}.Debug|Any CPU.Build.0 = Debug|Any CPU
		{3153278A-6ECE-49D4-8859-E6CC1028470A}.Release|Any CPU.ActiveCfg = Release|Any CPU
		{3153278A-6ECE-49D4-8859-E6CC1028470A}.Release|Any CPU.Build.0 = Release|Any CPU
	EndGlobalSection
	GlobalSection(SolutionProperties) = preSolution
		HideSolutionNode = FALSE
	EndGlobalSection
	GlobalSection(ExtensibilityGlobals) = postSolution
		SolutionGuid = {3F33D385-CDBD-4FD6-B192-6F61C443AEC1}
	EndGlobalSection
EndGlobal
